// !$*UTF8*$!
{
	archiveVersion = 1;
	classes = {
	};
	objectVersion = 50;
	objects = {

/* Begin PBXBuildFile section */
		CE2F8A5B24D1EF3400C08A5F /* Constants.swift in Sources */ = {isa = PBXBuildFile; fileRef = CE2F8A5A24D1EF3400C08A5F /* Constants.swift */; };
		CE3BDB3624CC073C008684A4 /* AppDelegate.swift in Sources */ = {isa = PBXBuildFile; fileRef = CE3BDB3524CC073C008684A4 /* AppDelegate.swift */; };
		CE3BDB3824CC073C008684A4 /* SceneDelegate.swift in Sources */ = {isa = PBXBuildFile; fileRef = CE3BDB3724CC073C008684A4 /* SceneDelegate.swift */; };
		CE3BDB3A24CC073C008684A4 /* ViewController.swift in Sources */ = {isa = PBXBuildFile; fileRef = CE3BDB3924CC073C008684A4 /* ViewController.swift */; };
		CE3BDB3D24CC073C008684A4 /* Main.storyboard in Resources */ = {isa = PBXBuildFile; fileRef = CE3BDB3B24CC073C008684A4 /* Main.storyboard */; };
		CE3BDB3F24CC0742008684A4 /* Assets.xcassets in Resources */ = {isa = PBXBuildFile; fileRef = CE3BDB3E24CC0742008684A4 /* Assets.xcassets */; };
		CE3BDB4224CC0742008684A4 /* LaunchScreen.storyboard in Resources */ = {isa = PBXBuildFile; fileRef = CE3BDB4024CC0742008684A4 /* LaunchScreen.storyboard */; };
		CE3BDB4D24CC0AFD008684A4 /* Staffs.swift in Sources */ = {isa = PBXBuildFile; fileRef = CE3BDB4C24CC0AFD008684A4 /* Staffs.swift */; };
		CEC9A5F524D1F60200E48A8C /* TableViewController.swift in Sources */ = {isa = PBXBuildFile; fileRef = CEC9A5F424D1F60200E48A8C /* TableViewController.swift */; };
		CEFCEEDD24D33E2200D021E0 /* ScheduleTableViewCell.xib in Resources */ = {isa = PBXBuildFile; fileRef = CEFCEED724D33E2100D021E0 /* ScheduleTableViewCell.xib */; };
		CEFCEEDE24D33E2200D021E0 /* CalendarCollectionViewController.swift in Sources */ = {isa = PBXBuildFile; fileRef = CEFCEED824D33E2100D021E0 /* CalendarCollectionViewController.swift */; };
		CEFCEEDF24D33E2200D021E0 /* DateCollectionViewCell.swift in Sources */ = {isa = PBXBuildFile; fileRef = CEFCEED924D33E2100D021E0 /* DateCollectionViewCell.swift */; };
		CEFCEEE024D33E2200D021E0 /* CalendarSupports.swift in Sources */ = {isa = PBXBuildFile; fileRef = CEFCEEDA24D33E2100D021E0 /* CalendarSupports.swift */; };
		CEFCEEE124D33E2200D021E0 /* DateCollectionViewCell.xib in Resources */ = {isa = PBXBuildFile; fileRef = CEFCEEDB24D33E2100D021E0 /* DateCollectionViewCell.xib */; };
		CEFCEEE224D33E2200D021E0 /* ScheduleTableViewCell.swift in Sources */ = {isa = PBXBuildFile; fileRef = CEFCEEDC24D33E2200D021E0 /* ScheduleTableViewCell.swift */; };
/* End PBXBuildFile section */

/* Begin PBXFileReference section */
		CE2F8A5A24D1EF3400C08A5F /* Constants.swift */ = {isa = PBXFileReference; lastKnownFileType = sourcecode.swift; path = Constants.swift; sourceTree = "<group>"; };
		CE3BDB3224CC073C008684A4 /* PhotoEvents.app */ = {isa = PBXFileReference; explicitFileType = wrapper.application; includeInIndex = 0; path = PhotoEvents.app; sourceTree = BUILT_PRODUCTS_DIR; };
		CE3BDB3524CC073C008684A4 /* AppDelegate.swift */ = {isa = PBXFileReference; lastKnownFileType = sourcecode.swift; path = AppDelegate.swift; sourceTree = "<group>"; };
		CE3BDB3724CC073C008684A4 /* SceneDelegate.swift */ = {isa = PBXFileReference; lastKnownFileType = sourcecode.swift; path = SceneDelegate.swift; sourceTree = "<group>"; };
		CE3BDB3924CC073C008684A4 /* ViewController.swift */ = {isa = PBXFileReference; lastKnownFileType = sourcecode.swift; path = ViewController.swift; sourceTree = "<group>"; };
		CE3BDB3C24CC073C008684A4 /* Base */ = {isa = PBXFileReference; lastKnownFileType = file.storyboard; name = Base; path = Base.lproj/Main.storyboard; sourceTree = "<group>"; };
		CE3BDB3E24CC0742008684A4 /* Assets.xcassets */ = {isa = PBXFileReference; lastKnownFileType = folder.assetcatalog; path = Assets.xcassets; sourceTree = "<group>"; };
		CE3BDB4124CC0742008684A4 /* Base */ = {isa = PBXFileReference; lastKnownFileType = file.storyboard; name = Base; path = Base.lproj/LaunchScreen.storyboard; sourceTree = "<group>"; };
		CE3BDB4324CC0742008684A4 /* Info.plist */ = {isa = PBXFileReference; lastKnownFileType = text.plist.xml; path = Info.plist; sourceTree = "<group>"; };
		CE3BDB4C24CC0AFD008684A4 /* Staffs.swift */ = {isa = PBXFileReference; lastKnownFileType = sourcecode.swift; path = Staffs.swift; sourceTree = "<group>"; };
		CEC9A5F424D1F60200E48A8C /* TableViewController.swift */ = {isa = PBXFileReference; lastKnownFileType = sourcecode.swift; path = TableViewController.swift; sourceTree = "<group>"; };
		CEFCEED724D33E2100D021E0 /* ScheduleTableViewCell.xib */ = {isa = PBXFileReference; fileEncoding = 4; lastKnownFileType = file.xib; path = ScheduleTableViewCell.xib; sourceTree = "<group>"; };
		CEFCEED824D33E2100D021E0 /* CalendarCollectionViewController.swift */ = {isa = PBXFileReference; fileEncoding = 4; lastKnownFileType = sourcecode.swift; path = CalendarCollectionViewController.swift; sourceTree = "<group>"; };
		CEFCEED924D33E2100D021E0 /* DateCollectionViewCell.swift */ = {isa = PBXFileReference; fileEncoding = 4; lastKnownFileType = sourcecode.swift; path = DateCollectionViewCell.swift; sourceTree = "<group>"; };
		CEFCEEDA24D33E2100D021E0 /* CalendarSupports.swift */ = {isa = PBXFileReference; fileEncoding = 4; lastKnownFileType = sourcecode.swift; path = CalendarSupports.swift; sourceTree = "<group>"; };
		CEFCEEDB24D33E2100D021E0 /* DateCollectionViewCell.xib */ = {isa = PBXFileReference; fileEncoding = 4; lastKnownFileType = file.xib; path = DateCollectionViewCell.xib; sourceTree = "<group>"; };
		CEFCEEDC24D33E2200D021E0 /* ScheduleTableViewCell.swift */ = {isa = PBXFileReference; fileEncoding = 4; lastKnownFileType = sourcecode.swift; path = ScheduleTableViewCell.swift; sourceTree = "<group>"; };
/* End PBXFileReference section */

/* Begin PBXFrameworksBuildPhase section */
		CE3BDB2F24CC073C008684A4 /* Frameworks */ = {
			isa = PBXFrameworksBuildPhase;
			buildActionMask = 2147483647;
			files = (
			);
			runOnlyForDeploymentPostprocessing = 0;
		};
/* End PBXFrameworksBuildPhase section */

/* Begin PBXGroup section */
		CE3BDB2924CC073C008684A4 = {
			isa = PBXGroup;
			children = (
				CE3BDB3424CC073C008684A4 /* PhotoEvents */,
				CE3BDB3324CC073C008684A4 /* Products */,
			);
			sourceTree = "<group>";
		};
		CE3BDB3324CC073C008684A4 /* Products */ = {
			isa = PBXGroup;
			children = (
				CE3BDB3224CC073C008684A4 /* PhotoEvents.app */,
			);
			name = Products;
			sourceTree = "<group>";
		};
		CE3BDB3424CC073C008684A4 /* PhotoEvents */ = {
			isa = PBXGroup;
			children = (
				CE3BDB3524CC073C008684A4 /* AppDelegate.swift */,
				CE3BDB3724CC073C008684A4 /* SceneDelegate.swift */,
				CEFCEED824D33E2100D021E0 /* CalendarCollectionViewController.swift */,
				CEFCEEDA24D33E2100D021E0 /* CalendarSupports.swift */,
				CEFCEED924D33E2100D021E0 /* DateCollectionViewCell.swift */,
				CEFCEEDB24D33E2100D021E0 /* DateCollectionViewCell.xib */,
				CEFCEEDC24D33E2200D021E0 /* ScheduleTableViewCell.swift */,
				CEFCEED724D33E2100D021E0 /* ScheduleTableViewCell.xib */,
				CE3BDB4B24CC0AC9008684A4 /* Models */,
				CE3BDB4924CC0A72008684A4 /* Views */,
				CE3BDB4A24CC0A97008684A4 /* Controllers */,
				CE3BDB3E24CC0742008684A4 /* Assets.xcassets */,
				CE3BDB4324CC0742008684A4 /* Info.plist */,
			);
			path = PhotoEvents;
			sourceTree = "<group>";
		};
		CE3BDB4924CC0A72008684A4 /* Views */ = {
			isa = PBXGroup;
			children = (
				CE3BDB3B24CC073C008684A4 /* Main.storyboard */,
				CE3BDB4024CC0742008684A4 /* LaunchScreen.storyboard */,
			);
			path = Views;
			sourceTree = "<group>";
		};
		CE3BDB4A24CC0A97008684A4 /* Controllers */ = {
			isa = PBXGroup;
			children = (
				CE3BDB3924CC073C008684A4 /* ViewController.swift */,
				CEC9A5F424D1F60200E48A8C /* TableViewController.swift */,
			);
			path = Controllers;
			sourceTree = "<group>";
		};
		CE3BDB4B24CC0AC9008684A4 /* Models */ = {
			isa = PBXGroup;
			children = (
				CE3BDB4C24CC0AFD008684A4 /* Staffs.swift */,
				CE2F8A5A24D1EF3400C08A5F /* Constants.swift */,
			);
			path = Models;
			sourceTree = "<group>";
		};
/* End PBXGroup section */

/* Begin PBXNativeTarget section */
		CE3BDB3124CC073C008684A4 /* PhotoEvents */ = {
			isa = PBXNativeTarget;
			buildConfigurationList = CE3BDB4624CC0742008684A4 /* Build configuration list for PBXNativeTarget "PhotoEvents" */;
			buildPhases = (
				CE3BDB2E24CC073C008684A4 /* Sources */,
				CE3BDB2F24CC073C008684A4 /* Frameworks */,
				CE3BDB3024CC073C008684A4 /* Resources */,
			);
			buildRules = (
			);
			dependencies = (
			);
			name = PhotoEvents;
			productName = PhotoEvents;
			productReference = CE3BDB3224CC073C008684A4 /* PhotoEvents.app */;
			productType = "com.apple.product-type.application";
		};
/* End PBXNativeTarget section */

/* Begin PBXProject section */
		CE3BDB2A24CC073C008684A4 /* Project object */ = {
			isa = PBXProject;
			attributes = {
				LastSwiftUpdateCheck = 1160;
				LastUpgradeCheck = 1160;
				ORGANIZATIONNAME = "Rudra Misra";
				TargetAttributes = {
					CE3BDB3124CC073C008684A4 = {
						CreatedOnToolsVersion = 11.6;
					};
				};
			};
			buildConfigurationList = CE3BDB2D24CC073C008684A4 /* Build configuration list for PBXProject "PhotoEvents" */;
			compatibilityVersion = "Xcode 9.3";
			developmentRegion = en;
			hasScannedForEncodings = 0;
			knownRegions = (
				en,
				Base,
			);
			mainGroup = CE3BDB2924CC073C008684A4;
			productRefGroup = CE3BDB3324CC073C008684A4 /* Products */;
			projectDirPath = "";
			projectRoot = "";
			targets = (
				CE3BDB3124CC073C008684A4 /* PhotoEvents */,
			);
		};
/* End PBXProject section */

/* Begin PBXResourcesBuildPhase section */
		CE3BDB3024CC073C008684A4 /* Resources */ = {
			isa = PBXResourcesBuildPhase;
			buildActionMask = 2147483647;
			files = (
				CEFCEEE124D33E2200D021E0 /* DateCollectionViewCell.xib in Resources */,
				CE3BDB4224CC0742008684A4 /* LaunchScreen.storyboard in Resources */,
				CE3BDB3F24CC0742008684A4 /* Assets.xcassets in Resources */,
				CEFCEEDD24D33E2200D021E0 /* ScheduleTableViewCell.xib in Resources */,
				CE3BDB3D24CC073C008684A4 /* Main.storyboard in Resources */,
			);
			runOnlyForDeploymentPostprocessing = 0;
		};
/* End PBXResourcesBuildPhase section */

/* Begin PBXSourcesBuildPhase section */
		CE3BDB2E24CC073C008684A4 /* Sources */ = {
			isa = PBXSourcesBuildPhase;
			buildActionMask = 2147483647;
			files = (
				CE3BDB3A24CC073C008684A4 /* ViewController.swift in Sources */,
				CEC9A5F524D1F60200E48A8C /* TableViewController.swift in Sources */,
				CE3BDB3624CC073C008684A4 /* AppDelegate.swift in Sources */,
				CE3BDB4D24CC0AFD008684A4 /* Staffs.swift in Sources */,
				CEFCEEE224D33E2200D021E0 /* ScheduleTableViewCell.swift in Sources */,
				CE3BDB3824CC073C008684A4 /* SceneDelegate.swift in Sources */,
				CEFCEEDE24D33E2200D021E0 /* CalendarCollectionViewController.swift in Sources */,
				CEFCEEE024D33E2200D021E0 /* CalendarSupports.swift in Sources */,
				CEFCEEDF24D33E2200D021E0 /* DateCollectionViewCell.swift in Sources */,
				CE2F8A5B24D1EF3400C08A5F /* Constants.swift in Sources */,
			);
			runOnlyForDeploymentPostprocessing = 0;
		};
/* End PBXSourcesBuildPhase section */

/* Begin PBXVariantGroup section */
		CE3BDB3B24CC073C008684A4 /* Main.storyboard */ = {
			isa = PBXVariantGroup;
			children = (
				CE3BDB3C24CC073C008684A4 /* Base */,
			);
			name = Main.storyboard;
			sourceTree = "<group>";
		};
		CE3BDB4024CC0742008684A4 /* LaunchScreen.storyboard */ = {
			isa = PBXVariantGroup;
			children = (
				CE3BDB4124CC0742008684A4 /* Base */,
			);
			name = LaunchScreen.storyboard;
			sourceTree = "<group>";
		};
/* End PBXVariantGroup section */

/* Begin XCBuildConfiguration section */
		CE3BDB4424CC0742008684A4 /* Debug */ = {
			isa = XCBuildConfiguration;
			buildSettings = {
				ALWAYS_SEARCH_USER_PATHS = NO;
				CLANG_ANALYZER_NONNULL = YES;
				CLANG_ANALYZER_NUMBER_OBJECT_CONVERSION = YES_AGGRESSIVE;
				CLANG_CXX_LANGUAGE_STANDARD = "gnu++14";
				CLANG_CXX_LIBRARY = "libc++";
				CLANG_ENABLE_MODULES = YES;
				CLANG_ENABLE_OBJC_ARC = YES;
				CLANG_ENABLE_OBJC_WEAK = YES;
				CLANG_WARN_BLOCK_CAPTURE_AUTORELEASING = YES;
				CLANG_WARN_BOOL_CONVERSION = YES;
				CLANG_WARN_COMMA = YES;
				CLANG_WARN_CONSTANT_CONVERSION = YES;
				CLANG_WARN_DEPRECATED_OBJC_IMPLEMENTATIONS = YES;
				CLANG_WARN_DIRECT_OBJC_ISA_USAGE = YES_ERROR;
				CLANG_WARN_DOCUMENTATION_COMMENTS = YES;
				CLANG_WARN_EMPTY_BODY = YES;
				CLANG_WARN_ENUM_CONVERSION = YES;
				CLANG_WARN_INFINITE_RECURSION = YES;
				CLANG_WARN_INT_CONVERSION = YES;
				CLANG_WARN_NON_LITERAL_NULL_CONVERSION = YES;
				CLANG_WARN_OBJC_IMPLICIT_RETAIN_SELF = YES;
				CLANG_WARN_OBJC_LITERAL_CONVERSION = YES;
				CLANG_WARN_OBJC_ROOT_CLASS = YES_ERROR;
				CLANG_WARN_RANGE_LOOP_ANALYSIS = YES;
				CLANG_WARN_STRICT_PROTOTYPES = YES;
				CLANG_WARN_SUSPICIOUS_MOVE = YES;
				CLANG_WARN_UNGUARDED_AVAILABILITY = YES_AGGRESSIVE;
				CLANG_WARN_UNREACHABLE_CODE = YES;
				CLANG_WARN__DUPLICATE_METHOD_MATCH = YES;
				COPY_PHASE_STRIP = NO;
				DEBUG_INFORMATION_FORMAT = dwarf;
				ENABLE_STRICT_OBJC_MSGSEND = YES;
				ENABLE_TESTABILITY = YES;
				GCC_C_LANGUAGE_STANDARD = gnu11;
				GCC_DYNAMIC_NO_PIC = NO;
				GCC_NO_COMMON_BLOCKS = YES;
				GCC_OPTIMIZATION_LEVEL = 0;
				GCC_PREPROCESSOR_DEFINITIONS = (
					"DEBUG=1",
					"$(inherited)",
				);
				GCC_WARN_64_TO_32_BIT_CONVERSION = YES;
				GCC_WARN_ABOUT_RETURN_TYPE = YES_ERROR;
				GCC_WARN_UNDECLARED_SELECTOR = YES;
				GCC_WARN_UNINITIALIZED_AUTOS = YES_AGGRESSIVE;
				GCC_WARN_UNUSED_FUNCTION = YES;
				GCC_WARN_UNUSED_VARIABLE = YES;
				IPHONEOS_DEPLOYMENT_TARGET = 13.6;
				MTL_ENABLE_DEBUG_INFO = INCLUDE_SOURCE;
				MTL_FAST_MATH = YES;
				ONLY_ACTIVE_ARCH = YES;
				SDKROOT = iphoneos;
				SWIFT_ACTIVE_COMPILATION_CONDITIONS = DEBUG;
				SWIFT_OPTIMIZATION_LEVEL = "-Onone";
			};
			name = Debug;
		};
		CE3BDB4524CC0742008684A4 /* Release */ = {
			isa = XCBuildConfiguration;
			buildSettings = {
				ALWAYS_SEARCH_USER_PATHS = NO;
				CLANG_ANALYZER_NONNULL = YES;
				CLANG_ANALYZER_NUMBER_OBJECT_CONVERSION = YES_AGGRESSIVE;
				CLANG_CXX_LANGUAGE_STANDARD = "gnu++14";
				CLANG_CXX_LIBRARY = "libc++";
				CLANG_ENABLE_MODULES = YES;
				CLANG_ENABLE_OBJC_ARC = YES;
				CLANG_ENABLE_OBJC_WEAK = YES;
				CLANG_WARN_BLOCK_CAPTURE_AUTORELEASING = YES;
				CLANG_WARN_BOOL_CONVERSION = YES;
				CLANG_WARN_COMMA = YES;
				CLANG_WARN_CONSTANT_CONVERSION = YES;
				CLANG_WARN_DEPRECATED_OBJC_IMPLEMENTATIONS = YES;
				CLANG_WARN_DIRECT_OBJC_ISA_USAGE = YES_ERROR;
				CLANG_WARN_DOCUMENTATION_COMMENTS = YES;
				CLANG_WARN_EMPTY_BODY = YES;
				CLANG_WARN_ENUM_CONVERSION = YES;
				CLANG_WARN_INFINITE_RECURSION = YES;
				CLANG_WARN_INT_CONVERSION = YES;
				CLANG_WARN_NON_LITERAL_NULL_CONVERSION = YES;
				CLANG_WARN_OBJC_IMPLICIT_RETAIN_SELF = YES;
				CLANG_WARN_OBJC_LITERAL_CONVERSION = YES;
				CLANG_WARN_OBJC_ROOT_CLASS = YES_ERROR;
				CLANG_WARN_RANGE_LOOP_ANALYSIS = YES;
				CLANG_WARN_STRICT_PROTOTYPES = YES;
				CLANG_WARN_SUSPICIOUS_MOVE = YES;
				CLANG_WARN_UNGUARDED_AVAILABILITY = YES_AGGRESSIVE;
				CLANG_WARN_UNREACHABLE_CODE = YES;
				CLANG_WARN__DUPLICATE_METHOD_MATCH = YES;
				COPY_PHASE_STRIP = NO;
				DEBUG_INFORMATION_FORMAT = "dwarf-with-dsym";
				ENABLE_NS_ASSERTIONS = NO;
				ENABLE_STRICT_OBJC_MSGSEND = YES;
				GCC_C_LANGUAGE_STANDARD = gnu11;
				GCC_NO_COMMON_BLOCKS = YES;
				GCC_WARN_64_TO_32_BIT_CONVERSION = YES;
				GCC_WARN_ABOUT_RETURN_TYPE = YES_ERROR;
				GCC_WARN_UNDECLARED_SELECTOR = YES;
				GCC_WARN_UNINITIALIZED_AUTOS = YES_AGGRESSIVE;
				GCC_WARN_UNUSED_FUNCTION = YES;
				GCC_WARN_UNUSED_VARIABLE = YES;
				IPHONEOS_DEPLOYMENT_TARGET = 13.6;
				MTL_ENABLE_DEBUG_INFO = NO;
				MTL_FAST_MATH = YES;
				SDKROOT = iphoneos;
				SWIFT_COMPILATION_MODE = wholemodule;
				SWIFT_OPTIMIZATION_LEVEL = "-O";
				VALIDATE_PRODUCT = YES;
			};
			name = Release;
		};
		CE3BDB4724CC0742008684A4 /* Debug */ = {
			isa = XCBuildConfiguration;
			buildSettings = {
				ASSETCATALOG_COMPILER_APPICON_NAME = AppIcon;
				CODE_SIGN_STYLE = Automatic;
				DEVELOPMENT_TEAM = TTQKV8DY33;
				INFOPLIST_FILE = PhotoEvents/Info.plist;
				LD_RUNPATH_SEARCH_PATHS = (
					"$(inherited)",
					"@executable_path/Frameworks",
				);
				PRODUCT_BUNDLE_IDENTIFIER = com.training.PhotoEvents;
				PRODUCT_NAME = "$(TARGET_NAME)";
				SWIFT_VERSION = 5.0;
				TARGETED_DEVICE_FAMILY = "1,2";
			};
			name = Debug;
		};
		CE3BDB4824CC0742008684A4 /* Release */ = {
			isa = XCBuildConfiguration;
			buildSettings = {
				ASSETCATALOG_COMPILER_APPICON_NAME = AppIcon;
				CODE_SIGN_STYLE = Automatic;
				DEVELOPMENT_TEAM = TTQKV8DY33;
				INFOPLIST_FILE = PhotoEvents/Info.plist;
				LD_RUNPATH_SEARCH_PATHS = (
					"$(inherited)",
					"@executable_path/Frameworks",
				);
				PRODUCT_BUNDLE_IDENTIFIER = com.training.PhotoEvents;
				PRODUCT_NAME = "$(TARGET_NAME)";
				SWIFT_VERSION = 5.0;
				TARGETED_DEVICE_FAMILY = "1,2";
			};
			name = Release;
		};
/* End XCBuildConfiguration section */

/* Begin XCConfigurationList section */
		CE3BDB2D24CC073C008684A4 /* Build configuration list for PBXProject "PhotoEvents" */ = {
			isa = XCConfigurationList;
			buildConfigurations = (
				CE3BDB4424CC0742008684A4 /* Debug */,
				CE3BDB4524CC0742008684A4 /* Release */,
			);
			defaultConfigurationIsVisible = 0;
			defaultConfigurationName = Release;
		};
		CE3BDB4624CC0742008684A4 /* Build configuration list for PBXNativeTarget "PhotoEvents" */ = {
			isa = XCConfigurationList;
			buildConfigurations = (
				CE3BDB4724CC0742008684A4 /* Debug */,
				CE3BDB4824CC0742008684A4 /* Release */,
			);
			defaultConfigurationIsVisible = 0;
			defaultConfigurationName = Release;
		};
/* End XCConfigurationList section */
	};
	rootObject = CE3BDB2A24CC073C008684A4 /* Project object */;
}
